
Microsoft Visual Studio Solution File, Format Version 12.00
# Visual Studio 14
VisualStudioVersion = 14.0.25420.1
MinimumVisualStudioVersion = 10.0.40219.1
Project("{FAE04EC0-301F-11D3-BF4B-00C04F79EFBC}") = "Day 1", "Day 1.csproj", "{57D8765C-BDD6-4C54-B0BB-BD42D5F1B7AA}"
EndProject
Project("{FAE04EC0-301F-11D3-BF4B-00C04F79EFBC}") = "Day3", "Day3\Day3.csproj", "{30A96788-968A-4349-93A0-156F7BED1C95}"
EndProject
Project("{FAE04EC0-301F-11D3-BF4B-00C04F79EFBC}") = "Day4", "Day4\Day4.csproj", "{26F3356D-7C6A-412C-B5CF-35DBA60EDE31}"
EndProject
Global
	GlobalSection(SolutionConfigurationPlatforms) = preSolution
		Debug|Any CPU = Debug|Any CPU
		Release|Any CPU = Release|Any CPU
	EndGlobalSection
	GlobalSection(ProjectConfigurationPlatforms) = postSolution
		{57D8765C-BDD6-4C54-B0BB-BD42D5F1B7AA}.Debug|Any CPU.ActiveCfg = Debug|Any CPU
		{57D8765C-BDD6-4C54-B0BB-BD42D5F1B7AA}.Debug|Any CPU.Build.0 = Debug|Any CPU
		{57D8765C-BDD6-4C54-B0BB-BD42D5F1B7AA}.Release|Any CPU.ActiveCfg = Release|Any CPU
		{57D8765C-BDD6-4C54-B0BB-BD42D5F1B7AA}.Release|Any CPU.Build.0 = Release|Any CPU
		{30A96788-968A-4349-93A0-156F7BED1C95}.Debug|Any CPU.ActiveCfg = Debug|Any CPU
		{30A96788-968A-4349-93A0-156F7BED1C95}.Debug|Any CPU.Build.0 = Debug|Any CPU
		{30A96788-968A-4349-93A0-156F7BED1C95}.Release|Any CPU.ActiveCfg = Release|Any CPU
		{30A96788-968A-4349-93A0-156F7BED1C95}.Release|Any CPU.Build.0 = Release|Any CPU
		{26F3356D-7C6A-412C-B5CF-35DBA60EDE31}.Debug|Any CPU.ActiveCfg = Debug|Any CPU
		{26F3356D-7C6A-412C-B5CF-35DBA60EDE31}.Debug|Any CPU.Build.0 = Debug|Any CPU
		{26F3356D-7C6A-412C-B5CF-35DBA60EDE31}.Release|Any CPU.ActiveCfg = Release|Any CPU
		{26F3356D-7C6A-412C-B5CF-35DBA60EDE31}.Release|Any CPU.Build.0 = Release|Any CPU
	EndGlobalSection
	GlobalSection(SolutionProperties) = preSolution
		HideSolutionNode = FALSE
	EndGlobalSection
EndGlobal
